# Generated by move; do not edit
# This file should be checked in.

[move]
version = 4

[pinned.testnet.MoveStdlib]
source = { git = "https://github.com/MystenLabs/sui.git", subdir = "crates/sui-framework/packages/move-stdlib", rev = "22f9fc9781732d651e18384c9a8eb1dabddf73a6" }
use_environment = "testnet"
manifest_digest = "C4FE4C91DE74CBF223B2E380AE40F592177D21870DC2D7EB6227D2D694E05363"
deps = {}

[pinned.testnet.MoveStdlib_1]
source = { git = "https://github.com/MystenLabs/sui.git", subdir = "crates/sui-framework/packages/move-stdlib", rev = "6656ec8446e425115499bc23f245d2f2afc610f4" }
use_environment = "testnet"
manifest_digest = "C4FE4C91DE74CBF223B2E380AE40F592177D21870DC2D7EB6227D2D694E05363"
deps = {}

[pinned.testnet.Sui]
source = { git = "https://github.com/MystenLabs/sui.git", subdir = "crates/sui-framework/packages/sui-framework", rev = "22f9fc9781732d651e18384c9a8eb1dabddf73a6" }
use_environment = "testnet"
manifest_digest = "7AFB66695545775FBFBB2D3078ADFD084244D5002392E837FDE21D9EA1C6D01C"
deps = { MoveStdlib = "MoveStdlib" }

[pinned.testnet.Sui_1]
source = { git = "https://github.com/MystenLabs/sui.git", subdir = "crates/sui-framework/packages/sui-framework", rev = "6656ec8446e425115499bc23f245d2f2afc610f4" }
use_environment = "testnet"
manifest_digest = "7AFB66695545775FBFBB2D3078ADFD084244D5002392E837FDE21D9EA1C6D01C"
deps = { MoveStdlib = "MoveStdlib_1" }

[pinned.testnet.nivra]
source = { root = true }
use_environment = "testnet"
manifest_digest = "BDA84CB32868DF73123589E1F18F7ABF7AF0F79F3464386E2518A406F68DDE13"
deps = { seal = "seal", std = "MoveStdlib", sui = "Sui", token = "token" }

[pinned.testnet.seal]
source = { git = "https://github.com/MystenLabs/seal.git", subdir = "move/seal", rev = "c451196b077dbb3ab68e8c1f212ce5ecf090b41a" }
use_environment = "testnet"
manifest_digest = "9675E52D5655C9927A5A3605A47C863F18F9D51ABF6D3799F1BD85434A3A53BA"
deps = { Sui = "Sui_1" }

[pinned.testnet.token]
source = { local = "../token" }
use_environment = "testnet"
manifest_digest = "5745706258F61D6CE210904B3E6AE87A73CE9D31A6F93BE4718C442529332A87"
deps = { std = "MoveStdlib", sui = "Sui" }
