# @generated by Move, please check-in and do not edit manually.

[move]
version = 3
manifest_digest = "3C30D6C962F8A4A4FB42F628CE5FC56FCA7C7448886E3FC259850E50438A30C6"
deps_digest = "52B406A7A21811BEF51751CF88DA0E76DAEFFEAC888D4F4060B1A72BBE7D8D35"
dependencies = [
  { id = "Bridge", name = "Bridge" },
  { id = "MoveStdlib", name = "MoveStdlib" },
  { id = "Sui", name = "Sui" },
  { id = "SuiSystem", name = "SuiSystem" },
  { id = "seal", name = "seal" },
  { id = "token", name = "token" },
]

[[move.package]]
id = "Bridge"
source = { git = "https://github.com/MystenLabs/sui.git", rev = "61dcfdbe2ddc7ad05d27fc10cd09d4c6cc151acd", subdir = "crates/sui-framework/packages/bridge" }

dependencies = [
  { id = "MoveStdlib", name = "MoveStdlib" },
  { id = "Sui", name = "Sui" },
  { id = "SuiSystem", name = "SuiSystem" },
]

[[move.package]]
id = "MoveStdlib"
source = { git = "https://github.com/MystenLabs/sui.git", rev = "61dcfdbe2ddc7ad05d27fc10cd09d4c6cc151acd", subdir = "crates/sui-framework/packages/move-stdlib" }

[[move.package]]
id = "Sui"
source = { git = "https://github.com/MystenLabs/sui.git", rev = "61dcfdbe2ddc7ad05d27fc10cd09d4c6cc151acd", subdir = "crates/sui-framework/packages/sui-framework" }

dependencies = [
  { id = "MoveStdlib", name = "MoveStdlib" },
]

[[move.package]]
id = "SuiSystem"
source = { git = "https://github.com/MystenLabs/sui.git", rev = "61dcfdbe2ddc7ad05d27fc10cd09d4c6cc151acd", subdir = "crates/sui-framework/packages/sui-system" }

dependencies = [
  { id = "MoveStdlib", name = "MoveStdlib" },
  { id = "Sui", name = "Sui" },
]

[[move.package]]
id = "seal"
source = { git = "https://github.com/MystenLabs/seal.git", rev = "seal-v0.5.12", subdir = "move/seal" }

dependencies = [
  { id = "Sui", name = "Sui" },
]

[[move.package]]
id = "token"
source = { local = "../token" }

dependencies = [
  { id = "Bridge", name = "Bridge" },
  { id = "MoveStdlib", name = "MoveStdlib" },
  { id = "Sui", name = "Sui" },
  { id = "SuiSystem", name = "SuiSystem" },
]

[move.toolchain-version]
compiler-version = "1.52.1"
edition = "2024.beta"
flavor = "sui"

[env]

[env.devnet]
chain-id = "01d7a1c8"
original-published-id = "0xd97a5857507ffc9784349fe42fc5c953193f0ec417d16214437ceceefb94ba97"
latest-published-id = "0xd97a5857507ffc9784349fe42fc5c953193f0ec417d16214437ceceefb94ba97"
published-version = "1"

[env.testnet]
chain-id = "4c78adac"
original-published-id = "0x56d943123db07f44f1829611627b734abf6db87fe0e2b96dcbc261a42cff200a"
latest-published-id = "0x56d943123db07f44f1829611627b734abf6db87fe0e2b96dcbc261a42cff200a"
published-version = "1"
